github.com/davecgh/go-spew v1.1.0/go.mod h1:J7Y8YcW2NihsgmVo/mv3lAwl/skON4iLHjSsI+c5H38=
github.com/davecgh/go-spew v1.1.1 h1:vj9j/u1bqnvCEfJOwUhtlOARqs3+rkHYY13jYWTU97c=
github.com/davecgh/go-spew v1.1.1/go.mod h1:J7Y8YcW2NihsgmVo/mv3lAwl/skON4iLHjSsI+c5H38=
github.com/dutor/liner v1.2.2 h1:bet1doARkm1DKTuQ45DgMmgaKLJ9S4taUWQGH3kjlyo=
github.com/dutor/liner v1.2.2/go.mod h1:TLqJOMU/a2J4ualIteF7J7DkL2Tv3WE8hZs5o+ogcDI=
github.com/facebook/fbthrift v0.0.0-20190922225929-2f9839604e25 h1:dezRDs9oGYxeavyvcNg/Js+dK6kIvfzERoJ7K8Xkv14=
github.com/facebook/fbthrift v0.0.0-20190922225929-2f9839604e25/go.mod h1:2tncLx5rmw69e5kMBv/yJneERbzrr1yr5fdlnTbu8lU=
github.com/jedib0t/go-pretty/v6 v6.0.4 h1:7WaHUeKo5yc2vABlsh30p4VWxQoXaWktBY/nR/2qnPg=
github.com/jedib0t/go-pretty/v6 v6.0.4/go.mod h1:MTr6FgcfNdnN5wPVBzJ6mhJeDyiF0yBvS2TMXEV/XSU=
github.com/mattn/go-runewidth v0.0.3/go.mod h1:LwmH8dsx7+W8Uxz3IHJYH5QSwggIsqBzpuz5H//U1FU=
github.com/mattn/go-runewidth v0.0.9 h1:Lm995f3rfxdpd6TSmuVCHVb/QhupuXlYr8sCI/QdE+0=
github.com/mattn/go-runewidth v0.0.9/go.mod h1:H031xJmbD/WCDINGzjvQ9THkh0rPKHF+m2gUSrubnMI=
github.com/pkg/profile v1.2.1/go.mod h1:hJw3o1OdXxsrSjjVksARp5W95eeEaEfptyVZyv6JUPA=
github.com/pmezard/go-difflib v1.0.0 h1:4DBwDE0NGyQoBHbLQYPwSUPoCMWR5BEzIk/f1lZbAQM=
github.com/pmezard/go-difflib v1.0.0/go.mod h1:iKH77koFhYxTK1pcRnkKkqfTogsbg7gZNVY4sRDYZ/4=
github.com/stretchr/objx v0.1.0/go.mod h1:HFkY916IF+rwdDfMAkV7OtwuqBVzrE8GR6GFx+wExME=
github.com/stretchr/testify v1.2.2/go.mod h1:a8OnRcib4nhh0OaRAV+Yts87kKdq0PP7pXfy6kDkUVs=
github.com/stretchr/testify v1.3.0 h1:TivCn/peBQ7UY8ooIcPgZFpTNSz0Q2U6UrFlUfqbe0Q=
github.com/stretchr/testify v1.3.0/go.mod h1:M5WIy9Dh21IEIfnGCwXGc5bZfKNJtfHm1UVUgZn+9EI=
github.com/vesoft-inc/nebula-go/v2 v2.0.0-20200917082518-10778ef6a6cf h1:WnQNmqO+t+x584BlaqjoGkUAadiAOddK67NF7byjgmg=
github.com/vesoft-inc/nebula-go/v2 v2.0.0-20200917082518-10778ef6a6cf/go.mod h1:92I8vrIc2Rk7/oJO+1hTgjNhHiYfnsW2uu3Ofh0ECnI=
golang.org/x/sys v0.0.0-20180816055513-1c9583448a9c/go.mod h1:STP8DvDyc/dI5b8T5hshtkjS+E42TnysNCUPdjciGhY=
golang.org/x/sys v0.0.0-20200625212154-ddb9806d33ae h1:Ih9Yo4hSPImZOpfGuA4bR/ORKTAbhZo2AbWNRCnevdo=
golang.org/x/sys v0.0.0-20200625212154-ddb9806d33ae/go.mod h1:h1NjWce9XRLGQEsW7wpKNCjG9DtNlClVuFLEZdDNbEs=
